
Microsoft Visual Studio Solution File, Format Version 12.00
# Visual Studio Version 17
VisualStudioVersion = 17.8.34309.116
MinimumVisualStudioVersion = 10.0.40219.1
Project("{2150E333-8FDC-42A3-9474-1A3956D46DE8}") = "1. API", "1. API", "{6E23DA50-C2D0-4F2D-A6CA-E46841959514}"
EndProject
Project("{9A19103F-16F7-4668-BE54-9A1E7A4F7556}") = "Healthy.WebAPI", "Healthy.WebAPI\Healthy.WebAPI.csproj", "{94D3FF8E-0344-4D64-815E-8953BD860550}"
EndProject
Project("{2150E333-8FDC-42A3-9474-1A3956D46DE8}") = "6.Test", "6.Test", "{D18C55C7-CE23-42AB-B3A7-6BF47F09873F}"
EndProject
Project("{9A19103F-16F7-4668-BE54-9A1E7A4F7556}") = "Healthy.WebAPI.UnitTests", "WebAPI.Test\Healthy.WebAPI.UnitTests.csproj", "{E25100F1-3192-4727-B1C5-EACF3A0C91E3}"
EndProject
Project("{2150E333-8FDC-42A3-9474-1A3956D46DE8}") = "2.Domain", "2.Domain", "{5A42182D-BE3A-4600-9A8B-60C56144995B}"
EndProject
Project("{9A19103F-16F7-4668-BE54-9A1E7A4F7556}") = "Healthy.Domain", "Healthy.Domain\Healthy.Domain.csproj", "{BCF8D4B5-E059-455F-A05F-26DFCC4FFF4D}"
EndProject
Project("{2150E333-8FDC-42A3-9474-1A3956D46DE8}") = "4. Infraestructure", "4. Infraestructure", "{4C784E98-2E01-4FB8-8A16-EA282C522535}"
EndProject
Project("{9A19103F-16F7-4668-BE54-9A1E7A4F7556}") = "Healthy.Infraestructure", "Healthy.Infraestructure\Healthy.Infraestructure.csproj", "{0AE8C899-1264-4975-8AB1-A125FDE42D9E}"
EndProject
Project("{2150E333-8FDC-42A3-9474-1A3956D46DE8}") = "3. Application", "3. Application", "{1AB1B540-FAE2-447A-8B60-83A819198270}"
EndProject
Project("{9A19103F-16F7-4668-BE54-9A1E7A4F7556}") = "Healthy.Business", "Healthy.Business\Healthy.Business.csproj", "{4CC95208-0B0F-42FC-92BD-A8197EDEF818}"
EndProject
Project("{9A19103F-16F7-4668-BE54-9A1E7A4F7556}") = "Healthy.Business.UnitTests", "BusinessUnitTests\Healthy.Business.UnitTests.csproj", "{B4B37BC6-FA71-4696-AEA9-2040D906F865}"
EndProject
Project("{9A19103F-16F7-4668-BE54-9A1E7A4F7556}") = "Healthy.UnitTest.Commond", "UnitTest.Commond\Healthy.UnitTest.Commond.csproj", "{B1C5D83F-9025-481E-BFAA-B9BE8F76A155}"
EndProject
Project("{2150E333-8FDC-42A3-9474-1A3956D46DE8}") = "5. CrossCuting", "5. CrossCuting", "{7987B54E-5533-47F3-82DB-ED8C1E5D0C04}"
EndProject
Project("{9A19103F-16F7-4668-BE54-9A1E7A4F7556}") = "Healthy.Utilities", "Healthy.Utilities\Healthy.Utilities.csproj", "{E9B89000-F302-44C6-90F4-7FB669DCE4F1}"
EndProject
Project("{2150E333-8FDC-42A3-9474-1A3956D46DE8}") = "7. WebApp", "7. WebApp", "{F17040F7-3439-46B4-9268-E8CECD741062}"
EndProject
Project("{FAE04EC0-301F-11D3-BF4B-00C04F79EFBC}") = "HealthyBlazor", "HealthyBlazor\HealthyBlazor.csproj", "{8528392B-1A38-4CC5-84A0-3189CEA59B88}"
EndProject
Global
	GlobalSection(SolutionConfigurationPlatforms) = preSolution
		Debug|Any CPU = Debug|Any CPU
		Release|Any CPU = Release|Any CPU
	EndGlobalSection
	GlobalSection(ProjectConfigurationPlatforms) = postSolution
		{94D3FF8E-0344-4D64-815E-8953BD860550}.Debug|Any CPU.ActiveCfg = Debug|Any CPU
		{94D3FF8E-0344-4D64-815E-8953BD860550}.Debug|Any CPU.Build.0 = Debug|Any CPU
		{94D3FF8E-0344-4D64-815E-8953BD860550}.Release|Any CPU.ActiveCfg = Release|Any CPU
		{94D3FF8E-0344-4D64-815E-8953BD860550}.Release|Any CPU.Build.0 = Release|Any CPU
		{E25100F1-3192-4727-B1C5-EACF3A0C91E3}.Debug|Any CPU.ActiveCfg = Debug|Any CPU
		{E25100F1-3192-4727-B1C5-EACF3A0C91E3}.Debug|Any CPU.Build.0 = Debug|Any CPU
		{E25100F1-3192-4727-B1C5-EACF3A0C91E3}.Release|Any CPU.ActiveCfg = Release|Any CPU
		{E25100F1-3192-4727-B1C5-EACF3A0C91E3}.Release|Any CPU.Build.0 = Release|Any CPU
		{BCF8D4B5-E059-455F-A05F-26DFCC4FFF4D}.Debug|Any CPU.ActiveCfg = Debug|Any CPU
		{BCF8D4B5-E059-455F-A05F-26DFCC4FFF4D}.Debug|Any CPU.Build.0 = Debug|Any CPU
		{BCF8D4B5-E059-455F-A05F-26DFCC4FFF4D}.Release|Any CPU.ActiveCfg = Release|Any CPU
		{BCF8D4B5-E059-455F-A05F-26DFCC4FFF4D}.Release|Any CPU.Build.0 = Release|Any CPU
		{0AE8C899-1264-4975-8AB1-A125FDE42D9E}.Debug|Any CPU.ActiveCfg = Debug|Any CPU
		{0AE8C899-1264-4975-8AB1-A125FDE42D9E}.Debug|Any CPU.Build.0 = Debug|Any CPU
		{0AE8C899-1264-4975-8AB1-A125FDE42D9E}.Release|Any CPU.ActiveCfg = Release|Any CPU
		{0AE8C899-1264-4975-8AB1-A125FDE42D9E}.Release|Any CPU.Build.0 = Release|Any CPU
		{4CC95208-0B0F-42FC-92BD-A8197EDEF818}.Debug|Any CPU.ActiveCfg = Debug|Any CPU
		{4CC95208-0B0F-42FC-92BD-A8197EDEF818}.Debug|Any CPU.Build.0 = Debug|Any CPU
		{4CC95208-0B0F-42FC-92BD-A8197EDEF818}.Release|Any CPU.ActiveCfg = Release|Any CPU
		{4CC95208-0B0F-42FC-92BD-A8197EDEF818}.Release|Any CPU.Build.0 = Release|Any CPU
		{B4B37BC6-FA71-4696-AEA9-2040D906F865}.Debug|Any CPU.ActiveCfg = Debug|Any CPU
		{B4B37BC6-FA71-4696-AEA9-2040D906F865}.Debug|Any CPU.Build.0 = Debug|Any CPU
		{B4B37BC6-FA71-4696-AEA9-2040D906F865}.Release|Any CPU.ActiveCfg = Release|Any CPU
		{B4B37BC6-FA71-4696-AEA9-2040D906F865}.Release|Any CPU.Build.0 = Release|Any CPU
		{B1C5D83F-9025-481E-BFAA-B9BE8F76A155}.Debug|Any CPU.ActiveCfg = Debug|Any CPU
		{B1C5D83F-9025-481E-BFAA-B9BE8F76A155}.Debug|Any CPU.Build.0 = Debug|Any CPU
		{B1C5D83F-9025-481E-BFAA-B9BE8F76A155}.Release|Any CPU.ActiveCfg = Release|Any CPU
		{B1C5D83F-9025-481E-BFAA-B9BE8F76A155}.Release|Any CPU.Build.0 = Release|Any CPU
		{E9B89000-F302-44C6-90F4-7FB669DCE4F1}.Debug|Any CPU.ActiveCfg = Debug|Any CPU
		{E9B89000-F302-44C6-90F4-7FB669DCE4F1}.Debug|Any CPU.Build.0 = Debug|Any CPU
		{E9B89000-F302-44C6-90F4-7FB669DCE4F1}.Release|Any CPU.ActiveCfg = Release|Any CPU
		{E9B89000-F302-44C6-90F4-7FB669DCE4F1}.Release|Any CPU.Build.0 = Release|Any CPU
		{8528392B-1A38-4CC5-84A0-3189CEA59B88}.Debug|Any CPU.ActiveCfg = Debug|Any CPU
		{8528392B-1A38-4CC5-84A0-3189CEA59B88}.Debug|Any CPU.Build.0 = Debug|Any CPU
		{8528392B-1A38-4CC5-84A0-3189CEA59B88}.Release|Any CPU.ActiveCfg = Release|Any CPU
		{8528392B-1A38-4CC5-84A0-3189CEA59B88}.Release|Any CPU.Build.0 = Release|Any CPU
	EndGlobalSection
	GlobalSection(SolutionProperties) = preSolution
		HideSolutionNode = FALSE
	EndGlobalSection
	GlobalSection(NestedProjects) = preSolution
		{94D3FF8E-0344-4D64-815E-8953BD860550} = {6E23DA50-C2D0-4F2D-A6CA-E46841959514}
		{E25100F1-3192-4727-B1C5-EACF3A0C91E3} = {D18C55C7-CE23-42AB-B3A7-6BF47F09873F}
		{BCF8D4B5-E059-455F-A05F-26DFCC4FFF4D} = {5A42182D-BE3A-4600-9A8B-60C56144995B}
		{0AE8C899-1264-4975-8AB1-A125FDE42D9E} = {4C784E98-2E01-4FB8-8A16-EA282C522535}
		{4CC95208-0B0F-42FC-92BD-A8197EDEF818} = {1AB1B540-FAE2-447A-8B60-83A819198270}
		{B4B37BC6-FA71-4696-AEA9-2040D906F865} = {D18C55C7-CE23-42AB-B3A7-6BF47F09873F}
		{B1C5D83F-9025-481E-BFAA-B9BE8F76A155} = {D18C55C7-CE23-42AB-B3A7-6BF47F09873F}
		{E9B89000-F302-44C6-90F4-7FB669DCE4F1} = {7987B54E-5533-47F3-82DB-ED8C1E5D0C04}
		{8528392B-1A38-4CC5-84A0-3189CEA59B88} = {F17040F7-3439-46B4-9268-E8CECD741062}
	EndGlobalSection
	GlobalSection(ExtensibilityGlobals) = postSolution
		SolutionGuid = {08A0CAE1-FB23-41A5-93B8-893088011451}
	EndGlobalSection
EndGlobal
